
Microsoft Visual Studio Solution File, Format Version 12.00
# Visual Studio Version 17
VisualStudioVersion = 17.9.34728.123
MinimumVisualStudioVersion = 10.0.40219.1
Project("{FAE04EC0-301F-11D3-BF4B-00C04F79EFBC}") = "DocumentGenerator", "DocumentGenerator\DocumentGenerator.csproj", "{15455F8D-03A9-43DE-98CC-F7892EF78886}"
EndProject
Project("{FAE04EC0-301F-11D3-BF4B-00C04F79EFBC}") = "DocumentGenerator.Benchmarks", "DocumentGenerator.Benchmarks\DocumentGenerator.Benchmarks.csproj", "{628E8BF6-F2F2-4C0B-AB1B-259C05CE9C1A}"
EndProject
Project("{FAE04EC0-301F-11D3-BF4B-00C04F79EFBC}") = "DocumentSorter", "DocumentSorter\DocumentSorter.csproj", "{3DC9CAE6-256E-46A8-AE6C-48B72DA05A1E}"
EndProject
Project("{FAE04EC0-301F-11D3-BF4B-00C04F79EFBC}") = "DocumentSorter.Benchmarks", "DocumentSorter.Benchmarks\DocumentSorter.Benchmarks.csproj", "{B302C975-6990-49A8-8FC5-2EE89A2BE545}"
EndProject
Global
	GlobalSection(SolutionConfigurationPlatforms) = preSolution
		Debug|Any CPU = Debug|Any CPU
		Release|Any CPU = Release|Any CPU
	EndGlobalSection
	GlobalSection(ProjectConfigurationPlatforms) = postSolution
		{15455F8D-03A9-43DE-98CC-F7892EF78886}.Debug|Any CPU.ActiveCfg = Debug|Any CPU
		{15455F8D-03A9-43DE-98CC-F7892EF78886}.Debug|Any CPU.Build.0 = Debug|Any CPU
		{15455F8D-03A9-43DE-98CC-F7892EF78886}.Release|Any CPU.ActiveCfg = Release|Any CPU
		{15455F8D-03A9-43DE-98CC-F7892EF78886}.Release|Any CPU.Build.0 = Release|Any CPU
		{628E8BF6-F2F2-4C0B-AB1B-259C05CE9C1A}.Debug|Any CPU.ActiveCfg = Debug|Any CPU
		{628E8BF6-F2F2-4C0B-AB1B-259C05CE9C1A}.Debug|Any CPU.Build.0 = Debug|Any CPU
		{628E8BF6-F2F2-4C0B-AB1B-259C05CE9C1A}.Release|Any CPU.ActiveCfg = Release|Any CPU
		{628E8BF6-F2F2-4C0B-AB1B-259C05CE9C1A}.Release|Any CPU.Build.0 = Release|Any CPU
		{3DC9CAE6-256E-46A8-AE6C-48B72DA05A1E}.Debug|Any CPU.ActiveCfg = Debug|Any CPU
		{3DC9CAE6-256E-46A8-AE6C-48B72DA05A1E}.Debug|Any CPU.Build.0 = Debug|Any CPU
		{3DC9CAE6-256E-46A8-AE6C-48B72DA05A1E}.Release|Any CPU.ActiveCfg = Release|Any CPU
		{3DC9CAE6-256E-46A8-AE6C-48B72DA05A1E}.Release|Any CPU.Build.0 = Release|Any CPU
		{B302C975-6990-49A8-8FC5-2EE89A2BE545}.Debug|Any CPU.ActiveCfg = Debug|Any CPU
		{B302C975-6990-49A8-8FC5-2EE89A2BE545}.Debug|Any CPU.Build.0 = Debug|Any CPU
		{B302C975-6990-49A8-8FC5-2EE89A2BE545}.Release|Any CPU.ActiveCfg = Release|Any CPU
		{B302C975-6990-49A8-8FC5-2EE89A2BE545}.Release|Any CPU.Build.0 = Release|Any CPU
	EndGlobalSection
	GlobalSection(SolutionProperties) = preSolution
		HideSolutionNode = FALSE
	EndGlobalSection
	GlobalSection(ExtensibilityGlobals) = postSolution
		SolutionGuid = {9F35DECF-3B8E-4130-9FF2-B5BFE0B16543}
	EndGlobalSection
EndGlobal
